
Microsoft Visual Studio Solution File, Format Version 12.00
Project("{FAE04EC0-301F-11D3-BF4B-00C04F79EFBC}") = "GameSix", "GameSix\GameSix.csproj", "{C17DEA44-4468-4147-8175-80AFF9D543C5}"
EndProject
Project("{FAE04EC0-301F-11D3-BF4B-00C04F79EFBC}") = "GameSixFriday", "GameSixFriday\GameSixFriday.csproj", "{581F0B89-8AD2-4AE3-A49B-C020EBEBD68F}"
EndProject
Global
	GlobalSection(SolutionConfigurationPlatforms) = preSolution
		Debug|Any CPU = Debug|Any CPU
		Release|Any CPU = Release|Any CPU
	EndGlobalSection
	GlobalSection(ProjectConfigurationPlatforms) = postSolution
		{C17DEA44-4468-4147-8175-80AFF9D543C5}.Debug|Any CPU.ActiveCfg = Debug|Any CPU
		{C17DEA44-4468-4147-8175-80AFF9D543C5}.Debug|Any CPU.Build.0 = Debug|Any CPU
		{C17DEA44-4468-4147-8175-80AFF9D543C5}.Release|Any CPU.ActiveCfg = Release|Any CPU
		{C17DEA44-4468-4147-8175-80AFF9D543C5}.Release|Any CPU.Build.0 = Release|Any CPU
		{581F0B89-8AD2-4AE3-A49B-C020EBEBD68F}.Debug|Any CPU.ActiveCfg = Debug|Any CPU
		{581F0B89-8AD2-4AE3-A49B-C020EBEBD68F}.Debug|Any CPU.Build.0 = Debug|Any CPU
		{581F0B89-8AD2-4AE3-A49B-C020EBEBD68F}.Release|Any CPU.ActiveCfg = Release|Any CPU
		{581F0B89-8AD2-4AE3-A49B-C020EBEBD68F}.Release|Any CPU.Build.0 = Release|Any CPU
	EndGlobalSection
EndGlobal
